
Microsoft Visual Studio Solution File, Format Version 12.00
# Visual Studio Version 17
VisualStudioVersion = 17.6.33723.286
MinimumVisualStudioVersion = 10.0.40219.1
Project("{FAE04EC0-301F-11D3-BF4B-00C04F79EFBC}") = "TechWorld", "TechWorld\TechWorld.csproj", "{32317D7F-15F9-4E55-AD28-3684B0D20381}"
EndProject
Global
	GlobalSection(SolutionConfigurationPlatforms) = preSolution
		Debug|Any CPU = Debug|Any CPU
		Release|Any CPU = Release|Any CPU
	EndGlobalSection
	GlobalSection(ProjectConfigurationPlatforms) = postSolution
		{32317D7F-15F9-4E55-AD28-3684B0D20381}.Debug|Any CPU.ActiveCfg = Debug|Any CPU
		{32317D7F-15F9-4E55-AD28-3684B0D20381}.Debug|Any CPU.Build.0 = Debug|Any CPU
		{32317D7F-15F9-4E55-AD28-3684B0D20381}.Release|Any CPU.ActiveCfg = Release|Any CPU
		{32317D7F-15F9-4E55-AD28-3684B0D20381}.Release|Any CPU.Build.0 = Release|Any CPU
	EndGlobalSection
	GlobalSection(SolutionProperties) = preSolution
		HideSolutionNode = FALSE
	EndGlobalSection
	GlobalSection(ExtensibilityGlobals) = postSolution
		SolutionGuid = {1335924B-9D6F-4A0B-BDD2-94F96A40EE32}
	EndGlobalSection
EndGlobal
